# THIS IS AN AUTOGENERATED FILE. DO NOT EDIT THIS FILE DIRECTLY.
# yarn lockfile v1


emoji-datasource@^14.0.0:
  version "14.0.0"
  resolved "https://registry.yarnpkg.com/emoji-datasource/-/emoji-datasource-14.0.0.tgz#99529a62f3a86546fc670c09b672ddc9f24f3d44"
  integrity sha512-SoOv0lSa+9/2X9ulSRDhu2u1zAOaOv5vtMY3OYUDcQCoReEh0/3eQAMuBM9LyD7Hy3G4K7mDPDqVeHUWvy7cow==
