# THIS IS AN AUTOGENERATED FILE. DO NOT EDIT THIS FILE DIRECTLY.
# yarn lockfile v1


emoji-datasource@^6.0.0:
  version "6.0.0"
  resolved "https://registry.yarnpkg.com/emoji-datasource/-/emoji-datasource-6.0.0.tgz#892e66f8cca001459f33279294a21f231d174b51"
  integrity sha512-WIExctYO+Ji8MKdPWpQhP9GDUitslISCWFCrARGLX0w4cf9+iLG/n2DAZf6mIC8c+s2pVJ9CS+kdWRZYo9h8mg==
