# THIS IS AN AUTOGENERATED FILE. DO NOT EDIT THIS FILE DIRECTLY.
# yarn lockfile v1


emoji-datasource@^7.0.0:
  version "7.0.0"
  resolved "https://registry.yarnpkg.com/emoji-datasource/-/emoji-datasource-7.0.0.tgz#6d53b184472443b266cbdc0e5fe6a9f0923cd39e"
  integrity sha512-9T8FTayA2RfJpNyRzfsC5sjfHfKGaYsLNljgnw3dJKwgsEfxOUpXB7VuiNCNpYqMiX8+5HkGxSiP7PiyqCin/w==
